
Microsoft Visual Studio Solution File, Format Version 12.00
# Visual Studio 15
VisualStudioVersion = 15.0.28307.421
MinimumVisualStudioVersion = 10.0.40219.1
Project("{FAE04EC0-301F-11D3-BF4B-00C04F79EFBC}") = "DataLibrary", "DataStructure\DataLibrary.csproj", "{85268941-D90C-437F-9318-07D60A5019E4}"
EndProject
Project("{FAE04EC0-301F-11D3-BF4B-00C04F79EFBC}") = "DataLibrary.Test", "DataLibrary.Test\DataLibrary.Test.csproj", "{37F9CAF2-2ED8-4C7C-89BF-E2BDECC81A6B}"
EndProject
Global
	GlobalSection(SolutionConfigurationPlatforms) = preSolution
		Debug|Any CPU = Debug|Any CPU
		Release|Any CPU = Release|Any CPU
	EndGlobalSection
	GlobalSection(ProjectConfigurationPlatforms) = postSolution
		{85268941-D90C-437F-9318-07D60A5019E4}.Debug|Any CPU.ActiveCfg = Debug|Any CPU
		{85268941-D90C-437F-9318-07D60A5019E4}.Debug|Any CPU.Build.0 = Debug|Any CPU
		{85268941-D90C-437F-9318-07D60A5019E4}.Release|Any CPU.ActiveCfg = Release|Any CPU
		{85268941-D90C-437F-9318-07D60A5019E4}.Release|Any CPU.Build.0 = Release|Any CPU
		{37F9CAF2-2ED8-4C7C-89BF-E2BDECC81A6B}.Debug|Any CPU.ActiveCfg = Debug|Any CPU
		{37F9CAF2-2ED8-4C7C-89BF-E2BDECC81A6B}.Debug|Any CPU.Build.0 = Debug|Any CPU
		{37F9CAF2-2ED8-4C7C-89BF-E2BDECC81A6B}.Release|Any CPU.ActiveCfg = Release|Any CPU
		{37F9CAF2-2ED8-4C7C-89BF-E2BDECC81A6B}.Release|Any CPU.Build.0 = Release|Any CPU
	EndGlobalSection
	GlobalSection(SolutionProperties) = preSolution
		HideSolutionNode = FALSE
	EndGlobalSection
	GlobalSection(ExtensibilityGlobals) = postSolution
		SolutionGuid = {679234CC-F8C8-4B27-8E4D-67CB9573722D}
	EndGlobalSection
EndGlobal
